
Microsoft Visual Studio Solution File, Format Version 12.00
# Visual Studio Version 16
VisualStudioVersion = 16.0.30621.155
MinimumVisualStudioVersion = 10.0.40219.1
Project("{FAE04EC0-301F-11D3-BF4B-00C04F79EFBC}") = "ConsoleApp1", "ConsoleApp1\ConsoleApp1.csproj", "{12415F0D-B126-47FD-BAF1-3EF42EEF0EFC}"
EndProject
Global
	GlobalSection(SolutionConfigurationPlatforms) = preSolution
		Debug|Any CPU = Debug|Any CPU
		Release|Any CPU = Release|Any CPU
	EndGlobalSection
	GlobalSection(ProjectConfigurationPlatforms) = postSolution
		{12415F0D-B126-47FD-BAF1-3EF42EEF0EFC}.Debug|Any CPU.ActiveCfg = Debug|Any CPU
		{12415F0D-B126-47FD-BAF1-3EF42EEF0EFC}.Debug|Any CPU.Build.0 = Debug|Any CPU
		{12415F0D-B126-47FD-BAF1-3EF42EEF0EFC}.Release|Any CPU.ActiveCfg = Release|Any CPU
		{12415F0D-B126-47FD-BAF1-3EF42EEF0EFC}.Release|Any CPU.Build.0 = Release|Any CPU
	EndGlobalSection
	GlobalSection(SolutionProperties) = preSolution
		HideSolutionNode = FALSE
	EndGlobalSection
	GlobalSection(ExtensibilityGlobals) = postSolution
		SolutionGuid = {495C1A74-F209-45D0-8402-F04B3CBABAC6}
	EndGlobalSection
EndGlobal
